
Microsoft Visual Studio Solution File, Format Version 12.00
# Visual Studio Version 16
VisualStudioVersion = 16.0.30907.101
MinimumVisualStudioVersion = 10.0.40219.1
Project("{FAE04EC0-301F-11D3-BF4B-00C04F79EFBC}") = "Krobus_Marriage_Dialogue", "Krobus_Marriage_Dialogue.csproj", "{29FA2A0B-25AD-4CA9-BC33-33408DC20125}"
EndProject
Global
	GlobalSection(SolutionConfigurationPlatforms) = preSolution
		Debug|Any CPU = Debug|Any CPU
		Release|Any CPU = Release|Any CPU
	EndGlobalSection
	GlobalSection(ProjectConfigurationPlatforms) = postSolution
		{29FA2A0B-25AD-4CA9-BC33-33408DC20125}.Debug|Any CPU.ActiveCfg = Debug|Any CPU
		{29FA2A0B-25AD-4CA9-BC33-33408DC20125}.Debug|Any CPU.Build.0 = Debug|Any CPU
		{29FA2A0B-25AD-4CA9-BC33-33408DC20125}.Release|Any CPU.ActiveCfg = Release|Any CPU
		{29FA2A0B-25AD-4CA9-BC33-33408DC20125}.Release|Any CPU.Build.0 = Release|Any CPU
	EndGlobalSection
	GlobalSection(SolutionProperties) = preSolution
		HideSolutionNode = FALSE
	EndGlobalSection
	GlobalSection(ExtensibilityGlobals) = postSolution
		SolutionGuid = {A28055A9-2718-430E-93AA-2D4AA286F870}
	EndGlobalSection
EndGlobal
