
Microsoft Visual Studio Solution File, Format Version 12.00
# Visual Studio Version 16
VisualStudioVersion = 16.0.30907.101
MinimumVisualStudioVersion = 10.0.40219.1
Project("{FAE04EC0-301F-11D3-BF4B-00C04F79EFBC}") = "Everyone_Is_Willy", "Everyone_Is_Willy.csproj", "{0B6690D3-80F4-4E1A-8ED3-58FD57FD8505}"
EndProject
Global
	GlobalSection(SolutionConfigurationPlatforms) = preSolution
		Debug|Any CPU = Debug|Any CPU
		Release|Any CPU = Release|Any CPU
	EndGlobalSection
	GlobalSection(ProjectConfigurationPlatforms) = postSolution
		{0B6690D3-80F4-4E1A-8ED3-58FD57FD8505}.Debug|Any CPU.ActiveCfg = Debug|Any CPU
		{0B6690D3-80F4-4E1A-8ED3-58FD57FD8505}.Debug|Any CPU.Build.0 = Debug|Any CPU
		{0B6690D3-80F4-4E1A-8ED3-58FD57FD8505}.Release|Any CPU.ActiveCfg = Release|Any CPU
		{0B6690D3-80F4-4E1A-8ED3-58FD57FD8505}.Release|Any CPU.Build.0 = Release|Any CPU
	EndGlobalSection
	GlobalSection(SolutionProperties) = preSolution
		HideSolutionNode = FALSE
	EndGlobalSection
	GlobalSection(ExtensibilityGlobals) = postSolution
		SolutionGuid = {2313D91E-AE54-43BC-A43A-DD52EDBAE6AB}
	EndGlobalSection
EndGlobal
